
Microsoft Visual Studio Solution File, Format Version 12.00
# Visual Studio Version 17
VisualStudioVersion = 17.2.32616.157
MinimumVisualStudioVersion = 10.0.40219.1
Project("{E24C65DC-7377-472B-9ABA-BC803B73C61A}") = "CCRALS_Website", ".", "{B1D76F34-585F-4F59-B3D7-D9B5AF0C82B9}"
	ProjectSection(WebsiteProperties) = preProject
		TargetFrameworkMoniker = ".NETFramework,Version%3Dv4.8"
		Debug.AspNetCompiler.VirtualPath = "/localhost_53718"
		Debug.AspNetCompiler.PhysicalPath = "..\CrossFit_Website\"
		Debug.AspNetCompiler.TargetPath = "PrecompiledWeb\localhost_53718\"
		Debug.AspNetCompiler.Updateable = "true"
		Debug.AspNetCompiler.ForceOverwrite = "true"
		Debug.AspNetCompiler.FixedNames = "false"
		Debug.AspNetCompiler.Debug = "True"
		Release.AspNetCompiler.VirtualPath = "/localhost_53718"
		Release.AspNetCompiler.PhysicalPath = "..\CrossFit_Website\"
		Release.AspNetCompiler.TargetPath = "PrecompiledWeb\localhost_53718\"
		Release.AspNetCompiler.Updateable = "true"
		Release.AspNetCompiler.ForceOverwrite = "true"
		Release.AspNetCompiler.FixedNames = "false"
		Release.AspNetCompiler.Debug = "False"
		VWDPort = "53718"
		SlnRelativePath = "..\CrossFit_Website\"
	EndProjectSection
EndProject
Global
	GlobalSection(SolutionConfigurationPlatforms) = preSolution
		Debug|Any CPU = Debug|Any CPU
	EndGlobalSection
	GlobalSection(ProjectConfigurationPlatforms) = postSolution
		{B1D76F34-585F-4F59-B3D7-D9B5AF0C82B9}.Debug|Any CPU.ActiveCfg = Debug|Any CPU
		{B1D76F34-585F-4F59-B3D7-D9B5AF0C82B9}.Debug|Any CPU.Build.0 = Debug|Any CPU
	EndGlobalSection
	GlobalSection(SolutionProperties) = preSolution
		HideSolutionNode = FALSE
	EndGlobalSection
	GlobalSection(ExtensibilityGlobals) = postSolution
		SolutionGuid = {38B45551-942E-4DCB-9D44-9C42920905FF}
	EndGlobalSection
EndGlobal
